github.com/greenkeytech/glib v0.0.0-20181116213058-bf286fc1f3b9 h1:p2JjOkDl7kpRU6BGm3AW6R1TyoLy/15ZfqLAxI5eIBs=
github.com/greenkeytech/glib v0.0.0-20181116213058-bf286fc1f3b9/go.mod h1:46ebIkl/4v7kwQiYNvnsU0p+XhmpQ3FP7Qd+zokshGY=
github.com/greenkeytech/glib v0.0.0-20200225211036-18673b2ad6aa h1:p+Ee+J29XpXDi7eMANJNMW/wnBPwbsLqxxaU5cR6uio=
github.com/greenkeytech/glib v0.0.0-20200225211036-18673b2ad6aa/go.mod h1:PeE7lRP5h2Z6e6jegwI1ifwyQjRIeWeVESga0NTu5CQ=
github.com/greenkeytech/glib v0.0.0-20200225213101-9142dd8899cc h1:nVfl85TmNwLCYOBy3i9TzfyySV4Y3qsg3oUM71xCyUE=
github.com/greenkeytech/glib v0.0.0-20200225213101-9142dd8899cc/go.mod h1:PeE7lRP5h2Z6e6jegwI1ifwyQjRIeWeVESga0NTu5CQ=
github.com/greenkeytech/glib v0.0.0-20200225213549-61b525ab94c1 h1:EEXAIHGByLl3bJcFzQteMsV6PwEocQ5S/9rfo7W6bpE=
github.com/greenkeytech/glib v0.0.0-20200225213549-61b525ab94c1/go.mod h1:PeE7lRP5h2Z6e6jegwI1ifwyQjRIeWeVESga0NTu5CQ=
github.com/greenkeytech/glib v0.0.0-20200225214217-be01f32054d7 h1:5aemAdqRDrOtbUT2no2XKH+rVbJGS0+of81FT6ahhOI=
github.com/greenkeytech/glib v0.0.0-20200225214217-be01f32054d7/go.mod h1:PeE7lRP5h2Z6e6jegwI1ifwyQjRIeWeVESga0NTu5CQ=
github.com/greenkeytech/glib v0.0.0-20200226174256-d0b1de41fa84 h1:B2Wkvk6oHAuRUZashaKs4Vn+1DnPsCOONwjNrHu6rXU=
github.com/greenkeytech/glib v0.0.0-20200226174256-d0b1de41fa84/go.mod h1:PeE7lRP5h2Z6e6jegwI1ifwyQjRIeWeVESga0NTu5CQ=
github.com/greenkeytech/glib v0.0.0-20200226175117-f874bc297ca0 h1:0sG+cUyuy93TuWycwLFXiD8L3pv7FbemlJ4/hKyliJE=
github.com/greenkeytech/glib v0.0.0-20200226175117-f874bc297ca0/go.mod h1:PeE7lRP5h2Z6e6jegwI1ifwyQjRIeWeVESga0NTu5CQ=
github.com/greenkeytech/glib v0.0.0-20200226175543-1d535d87649c h1:qrruF7GJXnLS8MLi0iaGnOjekI62aPIzKceeNQrGtlY=
github.com/greenkeytech/glib v0.0.0-20200226175543-1d535d87649c/go.mod h1:PeE7lRP5h2Z6e6jegwI1ifwyQjRIeWeVESga0NTu5CQ=
github.com/greenkeytech/glib v0.0.0-20200226184136-dff7a065c8cf h1:1lxGtIpl3D9pAh6DTdw4EMtkPIuyUZBkUUBpzdKB+/I=
github.com/greenkeytech/glib v0.0.0-20200226184136-dff7a065c8cf/go.mod h1:PeE7lRP5h2Z6e6jegwI1ifwyQjRIeWeVESga0NTu5CQ=
github.com/greenkeytech/glib v0.0.0-20200226184534-b819f983c0ed h1:5pEdVedjbQMdVlfBsDnHLjwkd7luOQVyfOIwCwdGQAU=
github.com/greenkeytech/glib v0.0.0-20200226184534-b819f983c0ed/go.mod h1:PeE7lRP5h2Z6e6jegwI1ifwyQjRIeWeVESga0NTu5CQ=
github.com/greenkeytech/glib v0.0.0-20200226190017-e99cfe4cdebd h1:XFxNKflmt31gR3o6sTgNRO8qfaBguuLI6szqJnW++kk=
github.com/greenkeytech/glib v0.0.0-20200226190017-e99cfe4cdebd/go.mod h1:PeE7lRP5h2Z6e6jegwI1ifwyQjRIeWeVESga0NTu5CQ=
github.com/greenkeytech/glib v0.0.0-20200226190807-aecb27b9d8b5 h1:YGx6EMpbYkCGXSex7t7WX+weR63r2ijWIVHe6hSkBg8=
github.com/greenkeytech/glib v0.0.0-20200226190807-aecb27b9d8b5/go.mod h1:PeE7lRP5h2Z6e6jegwI1ifwyQjRIeWeVESga0NTu5CQ=
github.com/greenkeytech/glib v0.0.0-20200226191123-3c19d14b6406 h1:/C65eWAFrqoaESyS4BajRpDm4UacvtGZC2YBFR0l9kE=
github.com/greenkeytech/glib v0.0.0-20200226191123-3c19d14b6406/go.mod h1:PeE7lRP5h2Z6e6jegwI1ifwyQjRIeWeVESga0NTu5CQ=
github.com/greenkeytech/glib v0.0.0-20200226192451-1562cb599b01 h1:lbzrou54/M7TGoJFx31+l/JdETs97Ano+LT+oLCLxvw=
github.com/greenkeytech/glib v0.0.0-20200226192451-1562cb599b01/go.mod h1:PeE7lRP5h2Z6e6jegwI1ifwyQjRIeWeVESga0NTu5CQ=
